
Microsoft Visual Studio Solution File, Format Version 12.00
# Visual Studio 14
VisualStudioVersion = 14.0.25420.1
MinimumVisualStudioVersion = 10.0.40219.1
Project("{FAE04EC0-301F-11D3-BF4B-00C04F79EFBC}") = "Mathematica", "Mathematica\Mathematica.csproj", "{E5289052-A145-472E-AC8C-819FE3B855E3}"
EndProject
Project("{FAE04EC0-301F-11D3-BF4B-00C04F79EFBC}") = "Torqueo", "Torqueo\Torqueo.csproj", "{8F5CB0C3-7182-405E-B68D-112EBF387903}"
EndProject
Project("{FAE04EC0-301F-11D3-BF4B-00C04F79EFBC}") = "Torqueo.Tests", "Torqueo.Tests\Torqueo.Tests.csproj", "{692C4C04-0713-47D9-BEBB-F4DD384E690A}"
EndProject
Project("{FAE04EC0-301F-11D3-BF4B-00C04F79EFBC}") = "Tatts.NextGen.SpinStats", "Tatts.NextGen.SpinStats\Tatts.NextGen.SpinStats.csproj", "{8A2F794E-FD0C-43FC-AC5C-D5B69958E9E7}"
EndProject
Project("{00D1A9C2-B5F0-4AF3-8072-F6C62B433612}") = "NextGenStatistics", "NextGenStatistics\NextGenStatistics.sqlproj", "{19B3E1AE-3E3E-4CE7-AB64-6CB31152B229}"
EndProject
Project("{2150E333-8FDC-42A3-9474-1A3956D46DE8}") = "NextGen", "NextGen", "{AF5E1C12-D570-4CA8-B28A-167CF86C0174}"
EndProject
Project("{FAE04EC0-301F-11D3-BF4B-00C04F79EFBC}") = "Tatts.NextGen.StatsData", "Tatts.NextGen.StatsData\Tatts.NextGen.StatsData.csproj", "{603504EF-B868-418E-A172-BD4396D75CBB}"
EndProject
Project("{2150E333-8FDC-42A3-9474-1A3956D46DE8}") = "Patterns", "Patterns", "{09694A76-3652-4599-946A-A145EE2C3636}"
EndProject
Project("{FAE04EC0-301F-11D3-BF4B-00C04F79EFBC}") = "Tesseract", "Tesseract\Tesseract.csproj", "{DDB827E0-D4EE-4A56-A513-445208AC2097}"
EndProject
Project("{2150E333-8FDC-42A3-9474-1A3956D46DE8}") = "Cerberus", "Cerberus", "{4050AE0C-69A7-4424-9D69-6C7538451BFF}"
EndProject
Project("{FAE04EC0-301F-11D3-BF4B-00C04F79EFBC}") = "Cerberus", "Cerberus\Cerberus.csproj", "{6E6604C5-A0E2-46C4-B9A3-7386C85A64C6}"
EndProject
Project("{FAE04EC0-301F-11D3-BF4B-00C04F79EFBC}") = "FluentCerberus", "FluentCerberus\FluentCerberus.csproj", "{DD23DC49-FEC4-4320-8312-42F3D5921936}"
EndProject
Project("{FAE04EC0-301F-11D3-BF4B-00C04F79EFBC}") = "FluentCerberus.Tests", "FluentCerberus.Tests\FluentCerberus.Tests.csproj", "{B06F5E0B-657A-4BCA-B040-7E0DA4CD93D6}"
EndProject
Project("{FAE04EC0-301F-11D3-BF4B-00C04F79EFBC}") = "Cerberus.Console", "Cerberus.Console\Cerberus.Console.csproj", "{D3E222E2-4AB9-4E9D-8D77-742FE989D11D}"
EndProject
Project("{FAE04EC0-301F-11D3-BF4B-00C04F79EFBC}") = "Cerberus.Library", "Cerberus.Library\Cerberus.Library.csproj", "{762652F9-778F-446C-88AB-E464D555593E}"
EndProject
Project("{FAE04EC0-301F-11D3-BF4B-00C04F79EFBC}") = "CLSLogger", "CLSLogger\CLSLogger.csproj", "{0255F76F-F26A-4ED7-8420-55198714D66D}"
EndProject
Project("{2150E333-8FDC-42A3-9474-1A3956D46DE8}") = "ExternalLibraries", "ExternalLibraries", "{CF63F703-4745-4809-A729-9F781DCFBD73}"
	ProjectSection(SolutionItems) = preProject
		ExternalLibraries\ClsErrorLib.dll = ExternalLibraries\ClsErrorLib.dll
		ExternalLibraries\ClsErrorLib.pdb = ExternalLibraries\ClsErrorLib.pdb
		ExternalLibraries\CLSTransportLib.dll = ExternalLibraries\CLSTransportLib.dll
		ExternalLibraries\CLSTransportLib.pdb = ExternalLibraries\CLSTransportLib.pdb
	EndProjectSection
EndProject
Project("{FAE04EC0-301F-11D3-BF4B-00C04F79EFBC}") = "Cerberus.Admin", "Cerberus.Admin\Cerberus.Admin.csproj", "{A0BEFE37-7EF1-4BB3-86FC-1E927D5A73B5}"
EndProject
Project("{FAE04EC0-301F-11D3-BF4B-00C04F79EFBC}") = "Cerberus.Web", "Cerberus.Web\Cerberus.Web.csproj", "{5F098EC4-9053-4871-842B-873F66B33C7C}"
EndProject
Project("{2150E333-8FDC-42A3-9474-1A3956D46DE8}") = "3rdPartyExamples", "3rdPartyExamples", "{ADD82532-E275-4239-B0B8-2A5BCBE6E04D}"
EndProject
Project("{2150E333-8FDC-42A3-9474-1A3956D46DE8}") = "ASPSorting", "ASPSorting", "{E61BA12F-5B8E-4C04-A015-C8DFD861D237}"
EndProject
Project("{FAE04EC0-301F-11D3-BF4B-00C04F79EFBC}") = "GridViewOnSorting", "3rdPartyExamples\ASPSorting\GridViewOnSorting.csproj", "{6AFDE03D-8741-4A93-8DCE-453EB703B69F}"
EndProject
Project("{2150E333-8FDC-42A3-9474-1A3956D46DE8}") = "MSDN Examples", "MSDN Examples", "{667C4E7F-5EEC-423C-A725-A4F310A619D6}"
EndProject
Project("{FAE04EC0-301F-11D3-BF4B-00C04F79EFBC}") = "MyThreadWalkthroughApp", "MyThreadWalkthroughApp\MyThreadWalkthroughApp.csproj", "{5F58373F-64CA-4E70-94D7-240F2A60CEB8}"
EndProject
Project("{2150E333-8FDC-42A3-9474-1A3956D46DE8}") = "AMQ7Biz", "AMQ7Biz", "{F49AA543-74D1-4737-BDFF-51B29B112FA7}"
EndProject
Project("{2150E333-8FDC-42A3-9474-1A3956D46DE8}") = "Examples", "Examples", "{EE5B05D7-F22C-40B9-822C-05A03C6F7109}"
EndProject
Project("{FAE04EC0-301F-11D3-BF4B-00C04F79EFBC}") = "Bifrost", "Bifrost\Bifrost.csproj", "{2B9A7A1E-38F3-4FC6-89BD-25FDCBB544FB}"
EndProject
Project("{FAE04EC0-301F-11D3-BF4B-00C04F79EFBC}") = "Luigi", "Luigi\Luigi.csproj", "{90C57888-E38F-4D8A-B017-2493A87BB16A}"
EndProject
Project("{FAE04EC0-301F-11D3-BF4B-00C04F79EFBC}") = "Mario", "Mario\Mario.csproj", "{DBDA353F-12F4-432C-B4D7-CD09A299438A}"
EndProject
Project("{FAE04EC0-301F-11D3-BF4B-00C04F79EFBC}") = "DurableSubscriptions", "DurableSubscriptions\DurableSubscriptions.csproj", "{6AC8BF3E-8F66-48B1-84E4-E4F2D059713E}"
EndProject
Project("{FAE04EC0-301F-11D3-BF4B-00C04F79EFBC}") = "HelloWorld", "HelloWorld\HelloWorld.csproj", "{56BFCD2B-9384-428C-90D1-4C08AB88E7AC}"
EndProject
Project("{FAE04EC0-301F-11D3-BF4B-00C04F79EFBC}") = "MarioConsole", "MarioConsole\MarioConsole.csproj", "{A6CC11CB-8E81-4378-A03F-2BBA19018FEB}"
EndProject
Project("{FAE04EC0-301F-11D3-BF4B-00C04F79EFBC}") = "LuigiConsole", "LuigiConsole\LuigiConsole.csproj", "{C47543B6-5335-4EE7-AD0B-75002254DE33}"
EndProject
Project("{FAE04EC0-301F-11D3-BF4B-00C04F79EFBC}") = "ClaudioConsole", "ClaudioConsole\ClaudioConsole.csproj", "{250317B1-2BDF-463E-9539-17BFBE29B349}"
EndProject
Project("{FAE04EC0-301F-11D3-BF4B-00C04F79EFBC}") = "HelloWorld-robust", "HelloWorld-robust\HelloWorld-robust.csproj", "{90F8E44F-3296-4DF7-AAF7-D1212EF712B3}"
EndProject
Project("{FAE04EC0-301F-11D3-BF4B-00C04F79EFBC}") = "BifrostUnit", "BifrostUnit\BifrostUnit.csproj", "{2533D2AB-104F-47ED-B9B9-417B31C1F68D}"
EndProject
Project("{FAE04EC0-301F-11D3-BF4B-00C04F79EFBC}") = "PapaLegba", "PapaLegba\PapaLegba.csproj", "{F68FE81E-C133-4F7B-ADCF-F0A342E61F1E}"
EndProject
Project("{2150E333-8FDC-42A3-9474-1A3956D46DE8}") = "Q", "Q", "{5DCDAF4F-C32D-47A3-9AE9-B529FA6147A5}"
EndProject
Project("{FAE04EC0-301F-11D3-BF4B-00C04F79EFBC}") = "JaSON", "JaSON\JaSON.csproj", "{E75128B1-03AF-4937-A49F-67D76E6B98FB}"
EndProject
Project("{FAE04EC0-301F-11D3-BF4B-00C04F79EFBC}") = "Argonaut", "Argonaut\Argonaut.csproj", "{CABDEE96-9F99-498E-A5E9-1047037FC4B5}"
EndProject
Project("{FAE04EC0-301F-11D3-BF4B-00C04F79EFBC}") = "PolymorphicJson", "PolymorphicJson\PolymorphicJson\PolymorphicJson.csproj", "{DE4AB7FC-EBF4-4A90-927A-952996D9A6BF}"
EndProject
Project("{FAE04EC0-301F-11D3-BF4B-00C04F79EFBC}") = "WCFExamples", "WCFExamples\WCFExamples.csproj", "{C64759BB-48CD-483F-96F8-4FD3DCCE7BC5}"
EndProject
Global
	GlobalSection(SolutionConfigurationPlatforms) = preSolution
		Debug|Any CPU = Debug|Any CPU
		Debug|x64 = Debug|x64
		Debug|x86 = Debug|x86
		Release|Any CPU = Release|Any CPU
		Release|x64 = Release|x64
		Release|x86 = Release|x86
	EndGlobalSection
	GlobalSection(ProjectConfigurationPlatforms) = postSolution
		{E5289052-A145-472E-AC8C-819FE3B855E3}.Debug|Any CPU.ActiveCfg = Debug|Any CPU
		{E5289052-A145-472E-AC8C-819FE3B855E3}.Debug|Any CPU.Build.0 = Debug|Any CPU
		{E5289052-A145-472E-AC8C-819FE3B855E3}.Debug|x64.ActiveCfg = Debug|Any CPU
		{E5289052-A145-472E-AC8C-819FE3B855E3}.Debug|x64.Build.0 = Debug|Any CPU
		{E5289052-A145-472E-AC8C-819FE3B855E3}.Debug|x86.ActiveCfg = Debug|x86
		{E5289052-A145-472E-AC8C-819FE3B855E3}.Debug|x86.Build.0 = Debug|x86
		{E5289052-A145-472E-AC8C-819FE3B855E3}.Release|Any CPU.ActiveCfg = Release|Any CPU
		{E5289052-A145-472E-AC8C-819FE3B855E3}.Release|Any CPU.Build.0 = Release|Any CPU
		{E5289052-A145-472E-AC8C-819FE3B855E3}.Release|x64.ActiveCfg = Release|Any CPU
		{E5289052-A145-472E-AC8C-819FE3B855E3}.Release|x64.Build.0 = Release|Any CPU
		{E5289052-A145-472E-AC8C-819FE3B855E3}.Release|x86.ActiveCfg = Release|x86
		{E5289052-A145-472E-AC8C-819FE3B855E3}.Release|x86.Build.0 = Release|x86
		{8F5CB0C3-7182-405E-B68D-112EBF387903}.Debug|Any CPU.ActiveCfg = Debug|Any CPU
		{8F5CB0C3-7182-405E-B68D-112EBF387903}.Debug|Any CPU.Build.0 = Debug|Any CPU
		{8F5CB0C3-7182-405E-B68D-112EBF387903}.Debug|x64.ActiveCfg = Debug|Any CPU
		{8F5CB0C3-7182-405E-B68D-112EBF387903}.Debug|x64.Build.0 = Debug|Any CPU
		{8F5CB0C3-7182-405E-B68D-112EBF387903}.Debug|x86.ActiveCfg = Debug|x86
		{8F5CB0C3-7182-405E-B68D-112EBF387903}.Debug|x86.Build.0 = Debug|x86
		{8F5CB0C3-7182-405E-B68D-112EBF387903}.Release|Any CPU.ActiveCfg = Release|Any CPU
		{8F5CB0C3-7182-405E-B68D-112EBF387903}.Release|Any CPU.Build.0 = Release|Any CPU
		{8F5CB0C3-7182-405E-B68D-112EBF387903}.Release|x64.ActiveCfg = Release|Any CPU
		{8F5CB0C3-7182-405E-B68D-112EBF387903}.Release|x64.Build.0 = Release|Any CPU
		{8F5CB0C3-7182-405E-B68D-112EBF387903}.Release|x86.ActiveCfg = Release|x86
		{8F5CB0C3-7182-405E-B68D-112EBF387903}.Release|x86.Build.0 = Release|x86
		{692C4C04-0713-47D9-BEBB-F4DD384E690A}.Debug|Any CPU.ActiveCfg = Debug|Any CPU
		{692C4C04-0713-47D9-BEBB-F4DD384E690A}.Debug|Any CPU.Build.0 = Debug|Any CPU
		{692C4C04-0713-47D9-BEBB-F4DD384E690A}.Debug|x64.ActiveCfg = Debug|Any CPU
		{692C4C04-0713-47D9-BEBB-F4DD384E690A}.Debug|x64.Build.0 = Debug|Any CPU
		{692C4C04-0713-47D9-BEBB-F4DD384E690A}.Debug|x86.ActiveCfg = Debug|x86
		{692C4C04-0713-47D9-BEBB-F4DD384E690A}.Debug|x86.Build.0 = Debug|x86
		{692C4C04-0713-47D9-BEBB-F4DD384E690A}.Release|Any CPU.ActiveCfg = Release|Any CPU
		{692C4C04-0713-47D9-BEBB-F4DD384E690A}.Release|Any CPU.Build.0 = Release|Any CPU
		{692C4C04-0713-47D9-BEBB-F4DD384E690A}.Release|x64.ActiveCfg = Release|Any CPU
		{692C4C04-0713-47D9-BEBB-F4DD384E690A}.Release|x64.Build.0 = Release|Any CPU
		{692C4C04-0713-47D9-BEBB-F4DD384E690A}.Release|x86.ActiveCfg = Release|x86
		{692C4C04-0713-47D9-BEBB-F4DD384E690A}.Release|x86.Build.0 = Release|x86
		{8A2F794E-FD0C-43FC-AC5C-D5B69958E9E7}.Debug|Any CPU.ActiveCfg = Debug|Any CPU
		{8A2F794E-FD0C-43FC-AC5C-D5B69958E9E7}.Debug|Any CPU.Build.0 = Debug|Any CPU
		{8A2F794E-FD0C-43FC-AC5C-D5B69958E9E7}.Debug|x64.ActiveCfg = Debug|Any CPU
		{8A2F794E-FD0C-43FC-AC5C-D5B69958E9E7}.Debug|x64.Build.0 = Debug|Any CPU
		{8A2F794E-FD0C-43FC-AC5C-D5B69958E9E7}.Debug|x86.ActiveCfg = Debug|x86
		{8A2F794E-FD0C-43FC-AC5C-D5B69958E9E7}.Debug|x86.Build.0 = Debug|x86
		{8A2F794E-FD0C-43FC-AC5C-D5B69958E9E7}.Release|Any CPU.ActiveCfg = Release|Any CPU
		{8A2F794E-FD0C-43FC-AC5C-D5B69958E9E7}.Release|Any CPU.Build.0 = Release|Any CPU
		{8A2F794E-FD0C-43FC-AC5C-D5B69958E9E7}.Release|x64.ActiveCfg = Release|Any CPU
		{8A2F794E-FD0C-43FC-AC5C-D5B69958E9E7}.Release|x64.Build.0 = Release|Any CPU
		{8A2F794E-FD0C-43FC-AC5C-D5B69958E9E7}.Release|x86.ActiveCfg = Release|x86
		{8A2F794E-FD0C-43FC-AC5C-D5B69958E9E7}.Release|x86.Build.0 = Release|x86
		{19B3E1AE-3E3E-4CE7-AB64-6CB31152B229}.Debug|Any CPU.ActiveCfg = Debug|Any CPU
		{19B3E1AE-3E3E-4CE7-AB64-6CB31152B229}.Debug|Any CPU.Build.0 = Debug|Any CPU
		{19B3E1AE-3E3E-4CE7-AB64-6CB31152B229}.Debug|Any CPU.Deploy.0 = Debug|Any CPU
		{19B3E1AE-3E3E-4CE7-AB64-6CB31152B229}.Debug|x64.ActiveCfg = Debug|Any CPU
		{19B3E1AE-3E3E-4CE7-AB64-6CB31152B229}.Debug|x64.Build.0 = Debug|Any CPU
		{19B3E1AE-3E3E-4CE7-AB64-6CB31152B229}.Debug|x64.Deploy.0 = Debug|Any CPU
		{19B3E1AE-3E3E-4CE7-AB64-6CB31152B229}.Debug|x86.ActiveCfg = Debug|x86
		{19B3E1AE-3E3E-4CE7-AB64-6CB31152B229}.Debug|x86.Build.0 = Debug|x86
		{19B3E1AE-3E3E-4CE7-AB64-6CB31152B229}.Debug|x86.Deploy.0 = Debug|x86
		{19B3E1AE-3E3E-4CE7-AB64-6CB31152B229}.Release|Any CPU.ActiveCfg = Release|Any CPU
		{19B3E1AE-3E3E-4CE7-AB64-6CB31152B229}.Release|Any CPU.Build.0 = Release|Any CPU
		{19B3E1AE-3E3E-4CE7-AB64-6CB31152B229}.Release|Any CPU.Deploy.0 = Release|Any CPU
		{19B3E1AE-3E3E-4CE7-AB64-6CB31152B229}.Release|x64.ActiveCfg = Release|Any CPU
		{19B3E1AE-3E3E-4CE7-AB64-6CB31152B229}.Release|x64.Build.0 = Release|Any CPU
		{19B3E1AE-3E3E-4CE7-AB64-6CB31152B229}.Release|x64.Deploy.0 = Release|Any CPU
		{19B3E1AE-3E3E-4CE7-AB64-6CB31152B229}.Release|x86.ActiveCfg = Release|x86
		{19B3E1AE-3E3E-4CE7-AB64-6CB31152B229}.Release|x86.Build.0 = Release|x86
		{19B3E1AE-3E3E-4CE7-AB64-6CB31152B229}.Release|x86.Deploy.0 = Release|x86
		{603504EF-B868-418E-A172-BD4396D75CBB}.Debug|Any CPU.ActiveCfg = Debug|Any CPU
		{603504EF-B868-418E-A172-BD4396D75CBB}.Debug|Any CPU.Build.0 = Debug|Any CPU
		{603504EF-B868-418E-A172-BD4396D75CBB}.Debug|x64.ActiveCfg = Debug|Any CPU
		{603504EF-B868-418E-A172-BD4396D75CBB}.Debug|x64.Build.0 = Debug|Any CPU
		{603504EF-B868-418E-A172-BD4396D75CBB}.Debug|x86.ActiveCfg = Debug|x86
		{603504EF-B868-418E-A172-BD4396D75CBB}.Debug|x86.Build.0 = Debug|x86
		{603504EF-B868-418E-A172-BD4396D75CBB}.Release|Any CPU.ActiveCfg = Release|Any CPU
		{603504EF-B868-418E-A172-BD4396D75CBB}.Release|Any CPU.Build.0 = Release|Any CPU
		{603504EF-B868-418E-A172-BD4396D75CBB}.Release|x64.ActiveCfg = Release|Any CPU
		{603504EF-B868-418E-A172-BD4396D75CBB}.Release|x64.Build.0 = Release|Any CPU
		{603504EF-B868-418E-A172-BD4396D75CBB}.Release|x86.ActiveCfg = Release|x86
		{603504EF-B868-418E-A172-BD4396D75CBB}.Release|x86.Build.0 = Release|x86
		{DDB827E0-D4EE-4A56-A513-445208AC2097}.Debug|Any CPU.ActiveCfg = Debug|Any CPU
		{DDB827E0-D4EE-4A56-A513-445208AC2097}.Debug|Any CPU.Build.0 = Debug|Any CPU
		{DDB827E0-D4EE-4A56-A513-445208AC2097}.Debug|x64.ActiveCfg = Debug|Any CPU
		{DDB827E0-D4EE-4A56-A513-445208AC2097}.Debug|x64.Build.0 = Debug|Any CPU
		{DDB827E0-D4EE-4A56-A513-445208AC2097}.Debug|x86.ActiveCfg = Debug|x86
		{DDB827E0-D4EE-4A56-A513-445208AC2097}.Debug|x86.Build.0 = Debug|x86
		{DDB827E0-D4EE-4A56-A513-445208AC2097}.Release|Any CPU.ActiveCfg = Release|Any CPU
		{DDB827E0-D4EE-4A56-A513-445208AC2097}.Release|Any CPU.Build.0 = Release|Any CPU
		{DDB827E0-D4EE-4A56-A513-445208AC2097}.Release|x64.ActiveCfg = Release|Any CPU
		{DDB827E0-D4EE-4A56-A513-445208AC2097}.Release|x64.Build.0 = Release|Any CPU
		{DDB827E0-D4EE-4A56-A513-445208AC2097}.Release|x86.ActiveCfg = Release|x86
		{DDB827E0-D4EE-4A56-A513-445208AC2097}.Release|x86.Build.0 = Release|x86
		{6E6604C5-A0E2-46C4-B9A3-7386C85A64C6}.Debug|Any CPU.ActiveCfg = Debug|Any CPU
		{6E6604C5-A0E2-46C4-B9A3-7386C85A64C6}.Debug|Any CPU.Build.0 = Debug|Any CPU
		{6E6604C5-A0E2-46C4-B9A3-7386C85A64C6}.Debug|x64.ActiveCfg = Debug|x64
		{6E6604C5-A0E2-46C4-B9A3-7386C85A64C6}.Debug|x64.Build.0 = Debug|x64
		{6E6604C5-A0E2-46C4-B9A3-7386C85A64C6}.Debug|x86.ActiveCfg = Debug|x86
		{6E6604C5-A0E2-46C4-B9A3-7386C85A64C6}.Debug|x86.Build.0 = Debug|x86
		{6E6604C5-A0E2-46C4-B9A3-7386C85A64C6}.Release|Any CPU.ActiveCfg = Release|Any CPU
		{6E6604C5-A0E2-46C4-B9A3-7386C85A64C6}.Release|Any CPU.Build.0 = Release|Any CPU
		{6E6604C5-A0E2-46C4-B9A3-7386C85A64C6}.Release|x64.ActiveCfg = Release|x64
		{6E6604C5-A0E2-46C4-B9A3-7386C85A64C6}.Release|x64.Build.0 = Release|x64
		{6E6604C5-A0E2-46C4-B9A3-7386C85A64C6}.Release|x86.ActiveCfg = Release|x86
		{6E6604C5-A0E2-46C4-B9A3-7386C85A64C6}.Release|x86.Build.0 = Release|x86
		{DD23DC49-FEC4-4320-8312-42F3D5921936}.Debug|Any CPU.ActiveCfg = Debug|Any CPU
		{DD23DC49-FEC4-4320-8312-42F3D5921936}.Debug|Any CPU.Build.0 = Debug|Any CPU
		{DD23DC49-FEC4-4320-8312-42F3D5921936}.Debug|x64.ActiveCfg = Debug|Any CPU
		{DD23DC49-FEC4-4320-8312-42F3D5921936}.Debug|x64.Build.0 = Debug|Any CPU
		{DD23DC49-FEC4-4320-8312-42F3D5921936}.Debug|x86.ActiveCfg = Debug|Any CPU
		{DD23DC49-FEC4-4320-8312-42F3D5921936}.Debug|x86.Build.0 = Debug|Any CPU
		{DD23DC49-FEC4-4320-8312-42F3D5921936}.Release|Any CPU.ActiveCfg = Release|Any CPU
		{DD23DC49-FEC4-4320-8312-42F3D5921936}.Release|Any CPU.Build.0 = Release|Any CPU
		{DD23DC49-FEC4-4320-8312-42F3D5921936}.Release|x64.ActiveCfg = Release|Any CPU
		{DD23DC49-FEC4-4320-8312-42F3D5921936}.Release|x64.Build.0 = Release|Any CPU
		{DD23DC49-FEC4-4320-8312-42F3D5921936}.Release|x86.ActiveCfg = Release|Any CPU
		{DD23DC49-FEC4-4320-8312-42F3D5921936}.Release|x86.Build.0 = Release|Any CPU
		{B06F5E0B-657A-4BCA-B040-7E0DA4CD93D6}.Debug|Any CPU.ActiveCfg = Debug|Any CPU
		{B06F5E0B-657A-4BCA-B040-7E0DA4CD93D6}.Debug|Any CPU.Build.0 = Debug|Any CPU
		{B06F5E0B-657A-4BCA-B040-7E0DA4CD93D6}.Debug|x64.ActiveCfg = Debug|Any CPU
		{B06F5E0B-657A-4BCA-B040-7E0DA4CD93D6}.Debug|x64.Build.0 = Debug|Any CPU
		{B06F5E0B-657A-4BCA-B040-7E0DA4CD93D6}.Debug|x86.ActiveCfg = Debug|Any CPU
		{B06F5E0B-657A-4BCA-B040-7E0DA4CD93D6}.Debug|x86.Build.0 = Debug|Any CPU
		{B06F5E0B-657A-4BCA-B040-7E0DA4CD93D6}.Release|Any CPU.ActiveCfg = Release|Any CPU
		{B06F5E0B-657A-4BCA-B040-7E0DA4CD93D6}.Release|Any CPU.Build.0 = Release|Any CPU
		{B06F5E0B-657A-4BCA-B040-7E0DA4CD93D6}.Release|x64.ActiveCfg = Release|Any CPU
		{B06F5E0B-657A-4BCA-B040-7E0DA4CD93D6}.Release|x64.Build.0 = Release|Any CPU
		{B06F5E0B-657A-4BCA-B040-7E0DA4CD93D6}.Release|x86.ActiveCfg = Release|Any CPU
		{B06F5E0B-657A-4BCA-B040-7E0DA4CD93D6}.Release|x86.Build.0 = Release|Any CPU
		{D3E222E2-4AB9-4E9D-8D77-742FE989D11D}.Debug|Any CPU.ActiveCfg = Debug|Any CPU
		{D3E222E2-4AB9-4E9D-8D77-742FE989D11D}.Debug|Any CPU.Build.0 = Debug|Any CPU
		{D3E222E2-4AB9-4E9D-8D77-742FE989D11D}.Debug|x64.ActiveCfg = Debug|Any CPU
		{D3E222E2-4AB9-4E9D-8D77-742FE989D11D}.Debug|x64.Build.0 = Debug|Any CPU
		{D3E222E2-4AB9-4E9D-8D77-742FE989D11D}.Debug|x86.ActiveCfg = Debug|Any CPU
		{D3E222E2-4AB9-4E9D-8D77-742FE989D11D}.Debug|x86.Build.0 = Debug|Any CPU
		{D3E222E2-4AB9-4E9D-8D77-742FE989D11D}.Release|Any CPU.ActiveCfg = Release|Any CPU
		{D3E222E2-4AB9-4E9D-8D77-742FE989D11D}.Release|Any CPU.Build.0 = Release|Any CPU
		{D3E222E2-4AB9-4E9D-8D77-742FE989D11D}.Release|x64.ActiveCfg = Release|Any CPU
		{D3E222E2-4AB9-4E9D-8D77-742FE989D11D}.Release|x64.Build.0 = Release|Any CPU
		{D3E222E2-4AB9-4E9D-8D77-742FE989D11D}.Release|x86.ActiveCfg = Release|Any CPU
		{D3E222E2-4AB9-4E9D-8D77-742FE989D11D}.Release|x86.Build.0 = Release|Any CPU
		{762652F9-778F-446C-88AB-E464D555593E}.Debug|Any CPU.ActiveCfg = Debug|Any CPU
		{762652F9-778F-446C-88AB-E464D555593E}.Debug|Any CPU.Build.0 = Debug|Any CPU
		{762652F9-778F-446C-88AB-E464D555593E}.Debug|x64.ActiveCfg = Debug|Any CPU
		{762652F9-778F-446C-88AB-E464D555593E}.Debug|x64.Build.0 = Debug|Any CPU
		{762652F9-778F-446C-88AB-E464D555593E}.Debug|x86.ActiveCfg = Debug|Any CPU
		{762652F9-778F-446C-88AB-E464D555593E}.Debug|x86.Build.0 = Debug|Any CPU
		{762652F9-778F-446C-88AB-E464D555593E}.Release|Any CPU.ActiveCfg = Release|Any CPU
		{762652F9-778F-446C-88AB-E464D555593E}.Release|Any CPU.Build.0 = Release|Any CPU
		{762652F9-778F-446C-88AB-E464D555593E}.Release|x64.ActiveCfg = Release|Any CPU
		{762652F9-778F-446C-88AB-E464D555593E}.Release|x64.Build.0 = Release|Any CPU
		{762652F9-778F-446C-88AB-E464D555593E}.Release|x86.ActiveCfg = Release|Any CPU
		{762652F9-778F-446C-88AB-E464D555593E}.Release|x86.Build.0 = Release|Any CPU
		{0255F76F-F26A-4ED7-8420-55198714D66D}.Debug|Any CPU.ActiveCfg = Debug|Any CPU
		{0255F76F-F26A-4ED7-8420-55198714D66D}.Debug|Any CPU.Build.0 = Debug|Any CPU
		{0255F76F-F26A-4ED7-8420-55198714D66D}.Debug|x64.ActiveCfg = Debug|Any CPU
		{0255F76F-F26A-4ED7-8420-55198714D66D}.Debug|x64.Build.0 = Debug|Any CPU
		{0255F76F-F26A-4ED7-8420-55198714D66D}.Debug|x86.ActiveCfg = Debug|Any CPU
		{0255F76F-F26A-4ED7-8420-55198714D66D}.Debug|x86.Build.0 = Debug|Any CPU
		{0255F76F-F26A-4ED7-8420-55198714D66D}.Release|Any CPU.ActiveCfg = Release|Any CPU
		{0255F76F-F26A-4ED7-8420-55198714D66D}.Release|Any CPU.Build.0 = Release|Any CPU
		{0255F76F-F26A-4ED7-8420-55198714D66D}.Release|x64.ActiveCfg = Release|Any CPU
		{0255F76F-F26A-4ED7-8420-55198714D66D}.Release|x64.Build.0 = Release|Any CPU
		{0255F76F-F26A-4ED7-8420-55198714D66D}.Release|x86.ActiveCfg = Release|Any CPU
		{0255F76F-F26A-4ED7-8420-55198714D66D}.Release|x86.Build.0 = Release|Any CPU
		{A0BEFE37-7EF1-4BB3-86FC-1E927D5A73B5}.Debug|Any CPU.ActiveCfg = Debug|Any CPU
		{A0BEFE37-7EF1-4BB3-86FC-1E927D5A73B5}.Debug|Any CPU.Build.0 = Debug|Any CPU
		{A0BEFE37-7EF1-4BB3-86FC-1E927D5A73B5}.Debug|x64.ActiveCfg = Debug|Any CPU
		{A0BEFE37-7EF1-4BB3-86FC-1E927D5A73B5}.Debug|x64.Build.0 = Debug|Any CPU
		{A0BEFE37-7EF1-4BB3-86FC-1E927D5A73B5}.Debug|x86.ActiveCfg = Debug|Any CPU
		{A0BEFE37-7EF1-4BB3-86FC-1E927D5A73B5}.Debug|x86.Build.0 = Debug|Any CPU
		{A0BEFE37-7EF1-4BB3-86FC-1E927D5A73B5}.Release|Any CPU.ActiveCfg = Release|Any CPU
		{A0BEFE37-7EF1-4BB3-86FC-1E927D5A73B5}.Release|Any CPU.Build.0 = Release|Any CPU
		{A0BEFE37-7EF1-4BB3-86FC-1E927D5A73B5}.Release|x64.ActiveCfg = Release|Any CPU
		{A0BEFE37-7EF1-4BB3-86FC-1E927D5A73B5}.Release|x64.Build.0 = Release|Any CPU
		{A0BEFE37-7EF1-4BB3-86FC-1E927D5A73B5}.Release|x86.ActiveCfg = Release|Any CPU
		{A0BEFE37-7EF1-4BB3-86FC-1E927D5A73B5}.Release|x86.Build.0 = Release|Any CPU
		{5F098EC4-9053-4871-842B-873F66B33C7C}.Debug|Any CPU.ActiveCfg = Debug|Any CPU
		{5F098EC4-9053-4871-842B-873F66B33C7C}.Debug|Any CPU.Build.0 = Debug|Any CPU
		{5F098EC4-9053-4871-842B-873F66B33C7C}.Debug|x64.ActiveCfg = Debug|Any CPU
		{5F098EC4-9053-4871-842B-873F66B33C7C}.Debug|x64.Build.0 = Debug|Any CPU
		{5F098EC4-9053-4871-842B-873F66B33C7C}.Debug|x86.ActiveCfg = Debug|Any CPU
		{5F098EC4-9053-4871-842B-873F66B33C7C}.Debug|x86.Build.0 = Debug|Any CPU
		{5F098EC4-9053-4871-842B-873F66B33C7C}.Release|Any CPU.ActiveCfg = Release|Any CPU
		{5F098EC4-9053-4871-842B-873F66B33C7C}.Release|Any CPU.Build.0 = Release|Any CPU
		{5F098EC4-9053-4871-842B-873F66B33C7C}.Release|x64.ActiveCfg = Release|Any CPU
		{5F098EC4-9053-4871-842B-873F66B33C7C}.Release|x64.Build.0 = Release|Any CPU
		{5F098EC4-9053-4871-842B-873F66B33C7C}.Release|x86.ActiveCfg = Release|Any CPU
		{5F098EC4-9053-4871-842B-873F66B33C7C}.Release|x86.Build.0 = Release|Any CPU
		{6AFDE03D-8741-4A93-8DCE-453EB703B69F}.Debug|Any CPU.ActiveCfg = Debug|Any CPU
		{6AFDE03D-8741-4A93-8DCE-453EB703B69F}.Debug|Any CPU.Build.0 = Debug|Any CPU
		{6AFDE03D-8741-4A93-8DCE-453EB703B69F}.Debug|x64.ActiveCfg = Debug|Any CPU
		{6AFDE03D-8741-4A93-8DCE-453EB703B69F}.Debug|x64.Build.0 = Debug|Any CPU
		{6AFDE03D-8741-4A93-8DCE-453EB703B69F}.Debug|x86.ActiveCfg = Debug|Any CPU
		{6AFDE03D-8741-4A93-8DCE-453EB703B69F}.Debug|x86.Build.0 = Debug|Any CPU
		{6AFDE03D-8741-4A93-8DCE-453EB703B69F}.Release|Any CPU.ActiveCfg = Release|Any CPU
		{6AFDE03D-8741-4A93-8DCE-453EB703B69F}.Release|Any CPU.Build.0 = Release|Any CPU
		{6AFDE03D-8741-4A93-8DCE-453EB703B69F}.Release|x64.ActiveCfg = Release|Any CPU
		{6AFDE03D-8741-4A93-8DCE-453EB703B69F}.Release|x64.Build.0 = Release|Any CPU
		{6AFDE03D-8741-4A93-8DCE-453EB703B69F}.Release|x86.ActiveCfg = Release|Any CPU
		{6AFDE03D-8741-4A93-8DCE-453EB703B69F}.Release|x86.Build.0 = Release|Any CPU
		{5F58373F-64CA-4E70-94D7-240F2A60CEB8}.Debug|Any CPU.ActiveCfg = Debug|Any CPU
		{5F58373F-64CA-4E70-94D7-240F2A60CEB8}.Debug|Any CPU.Build.0 = Debug|Any CPU
		{5F58373F-64CA-4E70-94D7-240F2A60CEB8}.Debug|x64.ActiveCfg = Debug|Any CPU
		{5F58373F-64CA-4E70-94D7-240F2A60CEB8}.Debug|x64.Build.0 = Debug|Any CPU
		{5F58373F-64CA-4E70-94D7-240F2A60CEB8}.Debug|x86.ActiveCfg = Debug|Any CPU
		{5F58373F-64CA-4E70-94D7-240F2A60CEB8}.Debug|x86.Build.0 = Debug|Any CPU
		{5F58373F-64CA-4E70-94D7-240F2A60CEB8}.Release|Any CPU.ActiveCfg = Release|Any CPU
		{5F58373F-64CA-4E70-94D7-240F2A60CEB8}.Release|Any CPU.Build.0 = Release|Any CPU
		{5F58373F-64CA-4E70-94D7-240F2A60CEB8}.Release|x64.ActiveCfg = Release|Any CPU
		{5F58373F-64CA-4E70-94D7-240F2A60CEB8}.Release|x64.Build.0 = Release|Any CPU
		{5F58373F-64CA-4E70-94D7-240F2A60CEB8}.Release|x86.ActiveCfg = Release|Any CPU
		{5F58373F-64CA-4E70-94D7-240F2A60CEB8}.Release|x86.Build.0 = Release|Any CPU
		{2B9A7A1E-38F3-4FC6-89BD-25FDCBB544FB}.Debug|Any CPU.ActiveCfg = Debug|Any CPU
		{2B9A7A1E-38F3-4FC6-89BD-25FDCBB544FB}.Debug|Any CPU.Build.0 = Debug|Any CPU
		{2B9A7A1E-38F3-4FC6-89BD-25FDCBB544FB}.Debug|x64.ActiveCfg = Debug|Any CPU
		{2B9A7A1E-38F3-4FC6-89BD-25FDCBB544FB}.Debug|x64.Build.0 = Debug|Any CPU
		{2B9A7A1E-38F3-4FC6-89BD-25FDCBB544FB}.Debug|x86.ActiveCfg = Debug|Any CPU
		{2B9A7A1E-38F3-4FC6-89BD-25FDCBB544FB}.Debug|x86.Build.0 = Debug|Any CPU
		{2B9A7A1E-38F3-4FC6-89BD-25FDCBB544FB}.Release|Any CPU.ActiveCfg = Release|Any CPU
		{2B9A7A1E-38F3-4FC6-89BD-25FDCBB544FB}.Release|Any CPU.Build.0 = Release|Any CPU
		{2B9A7A1E-38F3-4FC6-89BD-25FDCBB544FB}.Release|x64.ActiveCfg = Release|Any CPU
		{2B9A7A1E-38F3-4FC6-89BD-25FDCBB544FB}.Release|x64.Build.0 = Release|Any CPU
		{2B9A7A1E-38F3-4FC6-89BD-25FDCBB544FB}.Release|x86.ActiveCfg = Release|Any CPU
		{2B9A7A1E-38F3-4FC6-89BD-25FDCBB544FB}.Release|x86.Build.0 = Release|Any CPU
		{90C57888-E38F-4D8A-B017-2493A87BB16A}.Debug|Any CPU.ActiveCfg = Debug|Any CPU
		{90C57888-E38F-4D8A-B017-2493A87BB16A}.Debug|Any CPU.Build.0 = Debug|Any CPU
		{90C57888-E38F-4D8A-B017-2493A87BB16A}.Debug|x64.ActiveCfg = Debug|Any CPU
		{90C57888-E38F-4D8A-B017-2493A87BB16A}.Debug|x64.Build.0 = Debug|Any CPU
		{90C57888-E38F-4D8A-B017-2493A87BB16A}.Debug|x86.ActiveCfg = Debug|Any CPU
		{90C57888-E38F-4D8A-B017-2493A87BB16A}.Debug|x86.Build.0 = Debug|Any CPU
		{90C57888-E38F-4D8A-B017-2493A87BB16A}.Release|Any CPU.ActiveCfg = Release|Any CPU
		{90C57888-E38F-4D8A-B017-2493A87BB16A}.Release|Any CPU.Build.0 = Release|Any CPU
		{90C57888-E38F-4D8A-B017-2493A87BB16A}.Release|x64.ActiveCfg = Release|Any CPU
		{90C57888-E38F-4D8A-B017-2493A87BB16A}.Release|x64.Build.0 = Release|Any CPU
		{90C57888-E38F-4D8A-B017-2493A87BB16A}.Release|x86.ActiveCfg = Release|Any CPU
		{90C57888-E38F-4D8A-B017-2493A87BB16A}.Release|x86.Build.0 = Release|Any CPU
		{DBDA353F-12F4-432C-B4D7-CD09A299438A}.Debug|Any CPU.ActiveCfg = Debug|Any CPU
		{DBDA353F-12F4-432C-B4D7-CD09A299438A}.Debug|Any CPU.Build.0 = Debug|Any CPU
		{DBDA353F-12F4-432C-B4D7-CD09A299438A}.Debug|x64.ActiveCfg = Debug|Any CPU
		{DBDA353F-12F4-432C-B4D7-CD09A299438A}.Debug|x64.Build.0 = Debug|Any CPU
		{DBDA353F-12F4-432C-B4D7-CD09A299438A}.Debug|x86.ActiveCfg = Debug|Any CPU
		{DBDA353F-12F4-432C-B4D7-CD09A299438A}.Debug|x86.Build.0 = Debug|Any CPU
		{DBDA353F-12F4-432C-B4D7-CD09A299438A}.Release|Any CPU.ActiveCfg = Release|Any CPU
		{DBDA353F-12F4-432C-B4D7-CD09A299438A}.Release|Any CPU.Build.0 = Release|Any CPU
		{DBDA353F-12F4-432C-B4D7-CD09A299438A}.Release|x64.ActiveCfg = Release|Any CPU
		{DBDA353F-12F4-432C-B4D7-CD09A299438A}.Release|x64.Build.0 = Release|Any CPU
		{DBDA353F-12F4-432C-B4D7-CD09A299438A}.Release|x86.ActiveCfg = Release|Any CPU
		{DBDA353F-12F4-432C-B4D7-CD09A299438A}.Release|x86.Build.0 = Release|Any CPU
		{6AC8BF3E-8F66-48B1-84E4-E4F2D059713E}.Debug|Any CPU.ActiveCfg = Debug|Any CPU
		{6AC8BF3E-8F66-48B1-84E4-E4F2D059713E}.Debug|Any CPU.Build.0 = Debug|Any CPU
		{6AC8BF3E-8F66-48B1-84E4-E4F2D059713E}.Debug|x64.ActiveCfg = Debug|Any CPU
		{6AC8BF3E-8F66-48B1-84E4-E4F2D059713E}.Debug|x64.Build.0 = Debug|Any CPU
		{6AC8BF3E-8F66-48B1-84E4-E4F2D059713E}.Debug|x86.ActiveCfg = Debug|Any CPU
		{6AC8BF3E-8F66-48B1-84E4-E4F2D059713E}.Debug|x86.Build.0 = Debug|Any CPU
		{6AC8BF3E-8F66-48B1-84E4-E4F2D059713E}.Release|Any CPU.ActiveCfg = Release|Any CPU
		{6AC8BF3E-8F66-48B1-84E4-E4F2D059713E}.Release|Any CPU.Build.0 = Release|Any CPU
		{6AC8BF3E-8F66-48B1-84E4-E4F2D059713E}.Release|x64.ActiveCfg = Release|Any CPU
		{6AC8BF3E-8F66-48B1-84E4-E4F2D059713E}.Release|x64.Build.0 = Release|Any CPU
		{6AC8BF3E-8F66-48B1-84E4-E4F2D059713E}.Release|x86.ActiveCfg = Release|Any CPU
		{6AC8BF3E-8F66-48B1-84E4-E4F2D059713E}.Release|x86.Build.0 = Release|Any CPU
		{56BFCD2B-9384-428C-90D1-4C08AB88E7AC}.Debug|Any CPU.ActiveCfg = Debug|Any CPU
		{56BFCD2B-9384-428C-90D1-4C08AB88E7AC}.Debug|Any CPU.Build.0 = Debug|Any CPU
		{56BFCD2B-9384-428C-90D1-4C08AB88E7AC}.Debug|x64.ActiveCfg = Debug|Any CPU
		{56BFCD2B-9384-428C-90D1-4C08AB88E7AC}.Debug|x64.Build.0 = Debug|Any CPU
		{56BFCD2B-9384-428C-90D1-4C08AB88E7AC}.Debug|x86.ActiveCfg = Debug|Any CPU
		{56BFCD2B-9384-428C-90D1-4C08AB88E7AC}.Debug|x86.Build.0 = Debug|Any CPU
		{56BFCD2B-9384-428C-90D1-4C08AB88E7AC}.Release|Any CPU.ActiveCfg = Release|Any CPU
		{56BFCD2B-9384-428C-90D1-4C08AB88E7AC}.Release|Any CPU.Build.0 = Release|Any CPU
		{56BFCD2B-9384-428C-90D1-4C08AB88E7AC}.Release|x64.ActiveCfg = Release|Any CPU
		{56BFCD2B-9384-428C-90D1-4C08AB88E7AC}.Release|x64.Build.0 = Release|Any CPU
		{56BFCD2B-9384-428C-90D1-4C08AB88E7AC}.Release|x86.ActiveCfg = Release|Any CPU
		{56BFCD2B-9384-428C-90D1-4C08AB88E7AC}.Release|x86.Build.0 = Release|Any CPU
		{A6CC11CB-8E81-4378-A03F-2BBA19018FEB}.Debug|Any CPU.ActiveCfg = Debug|Any CPU
		{A6CC11CB-8E81-4378-A03F-2BBA19018FEB}.Debug|Any CPU.Build.0 = Debug|Any CPU
		{A6CC11CB-8E81-4378-A03F-2BBA19018FEB}.Debug|x64.ActiveCfg = Debug|Any CPU
		{A6CC11CB-8E81-4378-A03F-2BBA19018FEB}.Debug|x64.Build.0 = Debug|Any CPU
		{A6CC11CB-8E81-4378-A03F-2BBA19018FEB}.Debug|x86.ActiveCfg = Debug|Any CPU
		{A6CC11CB-8E81-4378-A03F-2BBA19018FEB}.Debug|x86.Build.0 = Debug|Any CPU
		{A6CC11CB-8E81-4378-A03F-2BBA19018FEB}.Release|Any CPU.ActiveCfg = Release|Any CPU
		{A6CC11CB-8E81-4378-A03F-2BBA19018FEB}.Release|Any CPU.Build.0 = Release|Any CPU
		{A6CC11CB-8E81-4378-A03F-2BBA19018FEB}.Release|x64.ActiveCfg = Release|Any CPU
		{A6CC11CB-8E81-4378-A03F-2BBA19018FEB}.Release|x64.Build.0 = Release|Any CPU
		{A6CC11CB-8E81-4378-A03F-2BBA19018FEB}.Release|x86.ActiveCfg = Release|Any CPU
		{A6CC11CB-8E81-4378-A03F-2BBA19018FEB}.Release|x86.Build.0 = Release|Any CPU
		{C47543B6-5335-4EE7-AD0B-75002254DE33}.Debug|Any CPU.ActiveCfg = Debug|Any CPU
		{C47543B6-5335-4EE7-AD0B-75002254DE33}.Debug|Any CPU.Build.0 = Debug|Any CPU
		{C47543B6-5335-4EE7-AD0B-75002254DE33}.Debug|x64.ActiveCfg = Debug|Any CPU
		{C47543B6-5335-4EE7-AD0B-75002254DE33}.Debug|x64.Build.0 = Debug|Any CPU
		{C47543B6-5335-4EE7-AD0B-75002254DE33}.Debug|x86.ActiveCfg = Debug|Any CPU
		{C47543B6-5335-4EE7-AD0B-75002254DE33}.Debug|x86.Build.0 = Debug|Any CPU
		{C47543B6-5335-4EE7-AD0B-75002254DE33}.Release|Any CPU.ActiveCfg = Release|Any CPU
		{C47543B6-5335-4EE7-AD0B-75002254DE33}.Release|Any CPU.Build.0 = Release|Any CPU
		{C47543B6-5335-4EE7-AD0B-75002254DE33}.Release|x64.ActiveCfg = Release|Any CPU
		{C47543B6-5335-4EE7-AD0B-75002254DE33}.Release|x64.Build.0 = Release|Any CPU
		{C47543B6-5335-4EE7-AD0B-75002254DE33}.Release|x86.ActiveCfg = Release|Any CPU
		{C47543B6-5335-4EE7-AD0B-75002254DE33}.Release|x86.Build.0 = Release|Any CPU
		{250317B1-2BDF-463E-9539-17BFBE29B349}.Debug|Any CPU.ActiveCfg = Debug|Any CPU
		{250317B1-2BDF-463E-9539-17BFBE29B349}.Debug|Any CPU.Build.0 = Debug|Any CPU
		{250317B1-2BDF-463E-9539-17BFBE29B349}.Debug|x64.ActiveCfg = Debug|Any CPU
		{250317B1-2BDF-463E-9539-17BFBE29B349}.Debug|x64.Build.0 = Debug|Any CPU
		{250317B1-2BDF-463E-9539-17BFBE29B349}.Debug|x86.ActiveCfg = Debug|Any CPU
		{250317B1-2BDF-463E-9539-17BFBE29B349}.Debug|x86.Build.0 = Debug|Any CPU
		{250317B1-2BDF-463E-9539-17BFBE29B349}.Release|Any CPU.ActiveCfg = Release|Any CPU
		{250317B1-2BDF-463E-9539-17BFBE29B349}.Release|Any CPU.Build.0 = Release|Any CPU
		{250317B1-2BDF-463E-9539-17BFBE29B349}.Release|x64.ActiveCfg = Release|Any CPU
		{250317B1-2BDF-463E-9539-17BFBE29B349}.Release|x64.Build.0 = Release|Any CPU
		{250317B1-2BDF-463E-9539-17BFBE29B349}.Release|x86.ActiveCfg = Release|Any CPU
		{250317B1-2BDF-463E-9539-17BFBE29B349}.Release|x86.Build.0 = Release|Any CPU
		{90F8E44F-3296-4DF7-AAF7-D1212EF712B3}.Debug|Any CPU.ActiveCfg = Debug|Any CPU
		{90F8E44F-3296-4DF7-AAF7-D1212EF712B3}.Debug|Any CPU.Build.0 = Debug|Any CPU
		{90F8E44F-3296-4DF7-AAF7-D1212EF712B3}.Debug|x64.ActiveCfg = Debug|Any CPU
		{90F8E44F-3296-4DF7-AAF7-D1212EF712B3}.Debug|x64.Build.0 = Debug|Any CPU
		{90F8E44F-3296-4DF7-AAF7-D1212EF712B3}.Debug|x86.ActiveCfg = Debug|Any CPU
		{90F8E44F-3296-4DF7-AAF7-D1212EF712B3}.Debug|x86.Build.0 = Debug|Any CPU
		{90F8E44F-3296-4DF7-AAF7-D1212EF712B3}.Release|Any CPU.ActiveCfg = Release|Any CPU
		{90F8E44F-3296-4DF7-AAF7-D1212EF712B3}.Release|Any CPU.Build.0 = Release|Any CPU
		{90F8E44F-3296-4DF7-AAF7-D1212EF712B3}.Release|x64.ActiveCfg = Release|Any CPU
		{90F8E44F-3296-4DF7-AAF7-D1212EF712B3}.Release|x64.Build.0 = Release|Any CPU
		{90F8E44F-3296-4DF7-AAF7-D1212EF712B3}.Release|x86.ActiveCfg = Release|Any CPU
		{90F8E44F-3296-4DF7-AAF7-D1212EF712B3}.Release|x86.Build.0 = Release|Any CPU
		{2533D2AB-104F-47ED-B9B9-417B31C1F68D}.Debug|Any CPU.ActiveCfg = Debug|Any CPU
		{2533D2AB-104F-47ED-B9B9-417B31C1F68D}.Debug|Any CPU.Build.0 = Debug|Any CPU
		{2533D2AB-104F-47ED-B9B9-417B31C1F68D}.Debug|x64.ActiveCfg = Debug|Any CPU
		{2533D2AB-104F-47ED-B9B9-417B31C1F68D}.Debug|x64.Build.0 = Debug|Any CPU
		{2533D2AB-104F-47ED-B9B9-417B31C1F68D}.Debug|x86.ActiveCfg = Debug|Any CPU
		{2533D2AB-104F-47ED-B9B9-417B31C1F68D}.Debug|x86.Build.0 = Debug|Any CPU
		{2533D2AB-104F-47ED-B9B9-417B31C1F68D}.Release|Any CPU.ActiveCfg = Release|Any CPU
		{2533D2AB-104F-47ED-B9B9-417B31C1F68D}.Release|Any CPU.Build.0 = Release|Any CPU
		{2533D2AB-104F-47ED-B9B9-417B31C1F68D}.Release|x64.ActiveCfg = Release|Any CPU
		{2533D2AB-104F-47ED-B9B9-417B31C1F68D}.Release|x64.Build.0 = Release|Any CPU
		{2533D2AB-104F-47ED-B9B9-417B31C1F68D}.Release|x86.ActiveCfg = Release|Any CPU
		{2533D2AB-104F-47ED-B9B9-417B31C1F68D}.Release|x86.Build.0 = Release|Any CPU
		{F68FE81E-C133-4F7B-ADCF-F0A342E61F1E}.Debug|Any CPU.ActiveCfg = Debug|Any CPU
		{F68FE81E-C133-4F7B-ADCF-F0A342E61F1E}.Debug|Any CPU.Build.0 = Debug|Any CPU
		{F68FE81E-C133-4F7B-ADCF-F0A342E61F1E}.Debug|x64.ActiveCfg = Debug|Any CPU
		{F68FE81E-C133-4F7B-ADCF-F0A342E61F1E}.Debug|x64.Build.0 = Debug|Any CPU
		{F68FE81E-C133-4F7B-ADCF-F0A342E61F1E}.Debug|x86.ActiveCfg = Debug|Any CPU
		{F68FE81E-C133-4F7B-ADCF-F0A342E61F1E}.Debug|x86.Build.0 = Debug|Any CPU
		{F68FE81E-C133-4F7B-ADCF-F0A342E61F1E}.Release|Any CPU.ActiveCfg = Release|Any CPU
		{F68FE81E-C133-4F7B-ADCF-F0A342E61F1E}.Release|Any CPU.Build.0 = Release|Any CPU
		{F68FE81E-C133-4F7B-ADCF-F0A342E61F1E}.Release|x64.ActiveCfg = Release|Any CPU
		{F68FE81E-C133-4F7B-ADCF-F0A342E61F1E}.Release|x64.Build.0 = Release|Any CPU
		{F68FE81E-C133-4F7B-ADCF-F0A342E61F1E}.Release|x86.ActiveCfg = Release|Any CPU
		{F68FE81E-C133-4F7B-ADCF-F0A342E61F1E}.Release|x86.Build.0 = Release|Any CPU
		{E75128B1-03AF-4937-A49F-67D76E6B98FB}.Debug|Any CPU.ActiveCfg = Debug|Any CPU
		{E75128B1-03AF-4937-A49F-67D76E6B98FB}.Debug|Any CPU.Build.0 = Debug|Any CPU
		{E75128B1-03AF-4937-A49F-67D76E6B98FB}.Debug|x64.ActiveCfg = Debug|Any CPU
		{E75128B1-03AF-4937-A49F-67D76E6B98FB}.Debug|x64.Build.0 = Debug|Any CPU
		{E75128B1-03AF-4937-A49F-67D76E6B98FB}.Debug|x86.ActiveCfg = Debug|Any CPU
		{E75128B1-03AF-4937-A49F-67D76E6B98FB}.Debug|x86.Build.0 = Debug|Any CPU
		{E75128B1-03AF-4937-A49F-67D76E6B98FB}.Release|Any CPU.ActiveCfg = Release|Any CPU
		{E75128B1-03AF-4937-A49F-67D76E6B98FB}.Release|Any CPU.Build.0 = Release|Any CPU
		{E75128B1-03AF-4937-A49F-67D76E6B98FB}.Release|x64.ActiveCfg = Release|Any CPU
		{E75128B1-03AF-4937-A49F-67D76E6B98FB}.Release|x64.Build.0 = Release|Any CPU
		{E75128B1-03AF-4937-A49F-67D76E6B98FB}.Release|x86.ActiveCfg = Release|Any CPU
		{E75128B1-03AF-4937-A49F-67D76E6B98FB}.Release|x86.Build.0 = Release|Any CPU
		{CABDEE96-9F99-498E-A5E9-1047037FC4B5}.Debug|Any CPU.ActiveCfg = Debug|Any CPU
		{CABDEE96-9F99-498E-A5E9-1047037FC4B5}.Debug|Any CPU.Build.0 = Debug|Any CPU
		{CABDEE96-9F99-498E-A5E9-1047037FC4B5}.Debug|x64.ActiveCfg = Debug|Any CPU
		{CABDEE96-9F99-498E-A5E9-1047037FC4B5}.Debug|x64.Build.0 = Debug|Any CPU
		{CABDEE96-9F99-498E-A5E9-1047037FC4B5}.Debug|x86.ActiveCfg = Debug|Any CPU
		{CABDEE96-9F99-498E-A5E9-1047037FC4B5}.Debug|x86.Build.0 = Debug|Any CPU
		{CABDEE96-9F99-498E-A5E9-1047037FC4B5}.Release|Any CPU.ActiveCfg = Release|Any CPU
		{CABDEE96-9F99-498E-A5E9-1047037FC4B5}.Release|Any CPU.Build.0 = Release|Any CPU
		{CABDEE96-9F99-498E-A5E9-1047037FC4B5}.Release|x64.ActiveCfg = Release|Any CPU
		{CABDEE96-9F99-498E-A5E9-1047037FC4B5}.Release|x64.Build.0 = Release|Any CPU
		{CABDEE96-9F99-498E-A5E9-1047037FC4B5}.Release|x86.ActiveCfg = Release|Any CPU
		{CABDEE96-9F99-498E-A5E9-1047037FC4B5}.Release|x86.Build.0 = Release|Any CPU
		{DE4AB7FC-EBF4-4A90-927A-952996D9A6BF}.Debug|Any CPU.ActiveCfg = Debug|Any CPU
		{DE4AB7FC-EBF4-4A90-927A-952996D9A6BF}.Debug|Any CPU.Build.0 = Debug|Any CPU
		{DE4AB7FC-EBF4-4A90-927A-952996D9A6BF}.Debug|x64.ActiveCfg = Debug|Any CPU
		{DE4AB7FC-EBF4-4A90-927A-952996D9A6BF}.Debug|x64.Build.0 = Debug|Any CPU
		{DE4AB7FC-EBF4-4A90-927A-952996D9A6BF}.Debug|x86.ActiveCfg = Debug|Any CPU
		{DE4AB7FC-EBF4-4A90-927A-952996D9A6BF}.Debug|x86.Build.0 = Debug|Any CPU
		{DE4AB7FC-EBF4-4A90-927A-952996D9A6BF}.Release|Any CPU.ActiveCfg = Release|Any CPU
		{DE4AB7FC-EBF4-4A90-927A-952996D9A6BF}.Release|Any CPU.Build.0 = Release|Any CPU
		{DE4AB7FC-EBF4-4A90-927A-952996D9A6BF}.Release|x64.ActiveCfg = Release|Any CPU
		{DE4AB7FC-EBF4-4A90-927A-952996D9A6BF}.Release|x64.Build.0 = Release|Any CPU
		{DE4AB7FC-EBF4-4A90-927A-952996D9A6BF}.Release|x86.ActiveCfg = Release|Any CPU
		{DE4AB7FC-EBF4-4A90-927A-952996D9A6BF}.Release|x86.Build.0 = Release|Any CPU
		{C64759BB-48CD-483F-96F8-4FD3DCCE7BC5}.Debug|Any CPU.ActiveCfg = Debug|Any CPU
		{C64759BB-48CD-483F-96F8-4FD3DCCE7BC5}.Debug|Any CPU.Build.0 = Debug|Any CPU
		{C64759BB-48CD-483F-96F8-4FD3DCCE7BC5}.Debug|x64.ActiveCfg = Debug|Any CPU
		{C64759BB-48CD-483F-96F8-4FD3DCCE7BC5}.Debug|x64.Build.0 = Debug|Any CPU
		{C64759BB-48CD-483F-96F8-4FD3DCCE7BC5}.Debug|x86.ActiveCfg = Debug|Any CPU
		{C64759BB-48CD-483F-96F8-4FD3DCCE7BC5}.Debug|x86.Build.0 = Debug|Any CPU
		{C64759BB-48CD-483F-96F8-4FD3DCCE7BC5}.Release|Any CPU.ActiveCfg = Release|Any CPU
		{C64759BB-48CD-483F-96F8-4FD3DCCE7BC5}.Release|Any CPU.Build.0 = Release|Any CPU
		{C64759BB-48CD-483F-96F8-4FD3DCCE7BC5}.Release|x64.ActiveCfg = Release|Any CPU
		{C64759BB-48CD-483F-96F8-4FD3DCCE7BC5}.Release|x64.Build.0 = Release|Any CPU
		{C64759BB-48CD-483F-96F8-4FD3DCCE7BC5}.Release|x86.ActiveCfg = Release|Any CPU
		{C64759BB-48CD-483F-96F8-4FD3DCCE7BC5}.Release|x86.Build.0 = Release|Any CPU
	EndGlobalSection
	GlobalSection(SolutionProperties) = preSolution
		HideSolutionNode = FALSE
	EndGlobalSection
	GlobalSection(NestedProjects) = preSolution
		{8A2F794E-FD0C-43FC-AC5C-D5B69958E9E7} = {AF5E1C12-D570-4CA8-B28A-167CF86C0174}
		{19B3E1AE-3E3E-4CE7-AB64-6CB31152B229} = {AF5E1C12-D570-4CA8-B28A-167CF86C0174}
		{603504EF-B868-418E-A172-BD4396D75CBB} = {AF5E1C12-D570-4CA8-B28A-167CF86C0174}
		{DDB827E0-D4EE-4A56-A513-445208AC2097} = {09694A76-3652-4599-946A-A145EE2C3636}
		{6E6604C5-A0E2-46C4-B9A3-7386C85A64C6} = {4050AE0C-69A7-4424-9D69-6C7538451BFF}
		{DD23DC49-FEC4-4320-8312-42F3D5921936} = {4050AE0C-69A7-4424-9D69-6C7538451BFF}
		{B06F5E0B-657A-4BCA-B040-7E0DA4CD93D6} = {4050AE0C-69A7-4424-9D69-6C7538451BFF}
		{D3E222E2-4AB9-4E9D-8D77-742FE989D11D} = {4050AE0C-69A7-4424-9D69-6C7538451BFF}
		{762652F9-778F-446C-88AB-E464D555593E} = {4050AE0C-69A7-4424-9D69-6C7538451BFF}
		{0255F76F-F26A-4ED7-8420-55198714D66D} = {4050AE0C-69A7-4424-9D69-6C7538451BFF}
		{A0BEFE37-7EF1-4BB3-86FC-1E927D5A73B5} = {4050AE0C-69A7-4424-9D69-6C7538451BFF}
		{5F098EC4-9053-4871-842B-873F66B33C7C} = {4050AE0C-69A7-4424-9D69-6C7538451BFF}
		{E61BA12F-5B8E-4C04-A015-C8DFD861D237} = {ADD82532-E275-4239-B0B8-2A5BCBE6E04D}
		{6AFDE03D-8741-4A93-8DCE-453EB703B69F} = {E61BA12F-5B8E-4C04-A015-C8DFD861D237}
		{5F58373F-64CA-4E70-94D7-240F2A60CEB8} = {667C4E7F-5EEC-423C-A725-A4F310A619D6}
		{EE5B05D7-F22C-40B9-822C-05A03C6F7109} = {F49AA543-74D1-4737-BDFF-51B29B112FA7}
		{2B9A7A1E-38F3-4FC6-89BD-25FDCBB544FB} = {F49AA543-74D1-4737-BDFF-51B29B112FA7}
		{90C57888-E38F-4D8A-B017-2493A87BB16A} = {F49AA543-74D1-4737-BDFF-51B29B112FA7}
		{DBDA353F-12F4-432C-B4D7-CD09A299438A} = {F49AA543-74D1-4737-BDFF-51B29B112FA7}
		{6AC8BF3E-8F66-48B1-84E4-E4F2D059713E} = {EE5B05D7-F22C-40B9-822C-05A03C6F7109}
		{56BFCD2B-9384-428C-90D1-4C08AB88E7AC} = {EE5B05D7-F22C-40B9-822C-05A03C6F7109}
		{A6CC11CB-8E81-4378-A03F-2BBA19018FEB} = {F49AA543-74D1-4737-BDFF-51B29B112FA7}
		{C47543B6-5335-4EE7-AD0B-75002254DE33} = {F49AA543-74D1-4737-BDFF-51B29B112FA7}
		{250317B1-2BDF-463E-9539-17BFBE29B349} = {F49AA543-74D1-4737-BDFF-51B29B112FA7}
		{90F8E44F-3296-4DF7-AAF7-D1212EF712B3} = {EE5B05D7-F22C-40B9-822C-05A03C6F7109}
		{2533D2AB-104F-47ED-B9B9-417B31C1F68D} = {F49AA543-74D1-4737-BDFF-51B29B112FA7}
		{F68FE81E-C133-4F7B-ADCF-F0A342E61F1E} = {5DCDAF4F-C32D-47A3-9AE9-B529FA6147A5}
		{E75128B1-03AF-4937-A49F-67D76E6B98FB} = {5DCDAF4F-C32D-47A3-9AE9-B529FA6147A5}
		{CABDEE96-9F99-498E-A5E9-1047037FC4B5} = {5DCDAF4F-C32D-47A3-9AE9-B529FA6147A5}
		{DE4AB7FC-EBF4-4A90-927A-952996D9A6BF} = {5DCDAF4F-C32D-47A3-9AE9-B529FA6147A5}
	EndGlobalSection
	GlobalSection(ExtensibilityGlobals) = postSolution
		SolutionGuid = {FA6CCC7F-6CF6-4CEC-9301-FBC3DD7E7076}
	EndGlobalSection
EndGlobal
