
Microsoft Visual Studio Solution File, Format Version 12.00
# Visual Studio 14
VisualStudioVersion = 14.0.25123.0
MinimumVisualStudioVersion = 10.0.40219.1
Project("{FAE04EC0-301F-11D3-BF4B-00C04F79EFBC}") = "Mathematica", "Mathematica\Mathematica.csproj", "{E5289052-A145-472E-AC8C-819FE3B855E3}"
EndProject
Project("{FAE04EC0-301F-11D3-BF4B-00C04F79EFBC}") = "Torqueo", "Torqueo\Torqueo.csproj", "{8F5CB0C3-7182-405E-B68D-112EBF387903}"
EndProject
Project("{FAE04EC0-301F-11D3-BF4B-00C04F79EFBC}") = "Torqueo.Tests", "Torqueo.Tests\Torqueo.Tests\Torqueo.Tests.csproj", "{692C4C04-0713-47D9-BEBB-F4DD384E690A}"
EndProject
Global
	GlobalSection(SolutionConfigurationPlatforms) = preSolution
		Debug|Any CPU = Debug|Any CPU
		Release|Any CPU = Release|Any CPU
	EndGlobalSection
	GlobalSection(ProjectConfigurationPlatforms) = postSolution
		{E5289052-A145-472E-AC8C-819FE3B855E3}.Debug|Any CPU.ActiveCfg = Debug|Any CPU
		{E5289052-A145-472E-AC8C-819FE3B855E3}.Debug|Any CPU.Build.0 = Debug|Any CPU
		{E5289052-A145-472E-AC8C-819FE3B855E3}.Release|Any CPU.ActiveCfg = Release|Any CPU
		{E5289052-A145-472E-AC8C-819FE3B855E3}.Release|Any CPU.Build.0 = Release|Any CPU
		{8F5CB0C3-7182-405E-B68D-112EBF387903}.Debug|Any CPU.ActiveCfg = Debug|Any CPU
		{8F5CB0C3-7182-405E-B68D-112EBF387903}.Debug|Any CPU.Build.0 = Debug|Any CPU
		{8F5CB0C3-7182-405E-B68D-112EBF387903}.Release|Any CPU.ActiveCfg = Release|Any CPU
		{8F5CB0C3-7182-405E-B68D-112EBF387903}.Release|Any CPU.Build.0 = Release|Any CPU
		{692C4C04-0713-47D9-BEBB-F4DD384E690A}.Debug|Any CPU.ActiveCfg = Debug|Any CPU
		{692C4C04-0713-47D9-BEBB-F4DD384E690A}.Debug|Any CPU.Build.0 = Debug|Any CPU
		{692C4C04-0713-47D9-BEBB-F4DD384E690A}.Release|Any CPU.ActiveCfg = Release|Any CPU
		{692C4C04-0713-47D9-BEBB-F4DD384E690A}.Release|Any CPU.Build.0 = Release|Any CPU
	EndGlobalSection
	GlobalSection(SolutionProperties) = preSolution
		HideSolutionNode = FALSE
	EndGlobalSection
EndGlobal
