
Microsoft Visual Studio Solution File, Format Version 12.00
# Visual Studio 14
VisualStudioVersion = 14.0.25420.1
MinimumVisualStudioVersion = 10.0.40219.1
Project("{FAE04EC0-301F-11D3-BF4B-00C04F79EFBC}") = "Mathematica", "Mathematica\Mathematica.csproj", "{E5289052-A145-472E-AC8C-819FE3B855E3}"
EndProject
Project("{FAE04EC0-301F-11D3-BF4B-00C04F79EFBC}") = "Torqueo", "Torqueo\Torqueo.csproj", "{8F5CB0C3-7182-405E-B68D-112EBF387903}"
EndProject
Project("{FAE04EC0-301F-11D3-BF4B-00C04F79EFBC}") = "Torqueo.Tests", "Torqueo.Tests\Torqueo.Tests.csproj", "{692C4C04-0713-47D9-BEBB-F4DD384E690A}"
EndProject
Project("{FAE04EC0-301F-11D3-BF4B-00C04F79EFBC}") = "Tatts.NextGen.SpinStats", "Tatts.NextGen.SpinStats\Tatts.NextGen.SpinStats.csproj", "{8A2F794E-FD0C-43FC-AC5C-D5B69958E9E7}"
EndProject
Project("{00D1A9C2-B5F0-4AF3-8072-F6C62B433612}") = "NextGenStatistics", "NextGenStatistics\NextGenStatistics.sqlproj", "{19B3E1AE-3E3E-4CE7-AB64-6CB31152B229}"
EndProject
Project("{2150E333-8FDC-42A3-9474-1A3956D46DE8}") = "NextGen", "NextGen", "{AF5E1C12-D570-4CA8-B28A-167CF86C0174}"
EndProject
Project("{FAE04EC0-301F-11D3-BF4B-00C04F79EFBC}") = "Tatts.NextGen.StatsData", "Tatts.NextGen.StatsData\Tatts.NextGen.StatsData.csproj", "{603504EF-B868-418E-A172-BD4396D75CBB}"
EndProject
Project("{2150E333-8FDC-42A3-9474-1A3956D46DE8}") = "Patterns", "Patterns", "{09694A76-3652-4599-946A-A145EE2C3636}"
EndProject
Project("{FAE04EC0-301F-11D3-BF4B-00C04F79EFBC}") = "Tesseract", "Tesseract\Tesseract.csproj", "{DDB827E0-D4EE-4A56-A513-445208AC2097}"
EndProject
Project("{2150E333-8FDC-42A3-9474-1A3956D46DE8}") = "Cerberus", "Cerberus", "{4050AE0C-69A7-4424-9D69-6C7538451BFF}"
EndProject
Project("{FAE04EC0-301F-11D3-BF4B-00C04F79EFBC}") = "Cerberus", "Cerberus\Cerberus.csproj", "{6E6604C5-A0E2-46C4-B9A3-7386C85A64C6}"
EndProject
Project("{FAE04EC0-301F-11D3-BF4B-00C04F79EFBC}") = "FluentCerberus", "FluentCerberus\FluentCerberus.csproj", "{DD23DC49-FEC4-4320-8312-42F3D5921936}"
EndProject
Project("{FAE04EC0-301F-11D3-BF4B-00C04F79EFBC}") = "FluentCerberus.Tests", "FluentCerberus.Tests\FluentCerberus.Tests.csproj", "{B06F5E0B-657A-4BCA-B040-7E0DA4CD93D6}"
EndProject
Project("{FAE04EC0-301F-11D3-BF4B-00C04F79EFBC}") = "Cerberus.Console", "Cerberus.Console\Cerberus.Console.csproj", "{D3E222E2-4AB9-4E9D-8D77-742FE989D11D}"
EndProject
Project("{FAE04EC0-301F-11D3-BF4B-00C04F79EFBC}") = "Cerberus.Library", "Cerberus.Library\Cerberus.Library.csproj", "{762652F9-778F-446C-88AB-E464D555593E}"
EndProject
Global
	GlobalSection(SolutionConfigurationPlatforms) = preSolution
		Debug|Any CPU = Debug|Any CPU
		Debug|x64 = Debug|x64
		Debug|x86 = Debug|x86
		Release|Any CPU = Release|Any CPU
		Release|x64 = Release|x64
		Release|x86 = Release|x86
	EndGlobalSection
	GlobalSection(ProjectConfigurationPlatforms) = postSolution
		{E5289052-A145-472E-AC8C-819FE3B855E3}.Debug|Any CPU.ActiveCfg = Debug|Any CPU
		{E5289052-A145-472E-AC8C-819FE3B855E3}.Debug|Any CPU.Build.0 = Debug|Any CPU
		{E5289052-A145-472E-AC8C-819FE3B855E3}.Debug|x64.ActiveCfg = Debug|Any CPU
		{E5289052-A145-472E-AC8C-819FE3B855E3}.Debug|x64.Build.0 = Debug|Any CPU
		{E5289052-A145-472E-AC8C-819FE3B855E3}.Debug|x86.ActiveCfg = Debug|x86
		{E5289052-A145-472E-AC8C-819FE3B855E3}.Debug|x86.Build.0 = Debug|x86
		{E5289052-A145-472E-AC8C-819FE3B855E3}.Release|Any CPU.ActiveCfg = Release|Any CPU
		{E5289052-A145-472E-AC8C-819FE3B855E3}.Release|Any CPU.Build.0 = Release|Any CPU
		{E5289052-A145-472E-AC8C-819FE3B855E3}.Release|x64.ActiveCfg = Release|Any CPU
		{E5289052-A145-472E-AC8C-819FE3B855E3}.Release|x64.Build.0 = Release|Any CPU
		{E5289052-A145-472E-AC8C-819FE3B855E3}.Release|x86.ActiveCfg = Release|x86
		{E5289052-A145-472E-AC8C-819FE3B855E3}.Release|x86.Build.0 = Release|x86
		{8F5CB0C3-7182-405E-B68D-112EBF387903}.Debug|Any CPU.ActiveCfg = Debug|Any CPU
		{8F5CB0C3-7182-405E-B68D-112EBF387903}.Debug|Any CPU.Build.0 = Debug|Any CPU
		{8F5CB0C3-7182-405E-B68D-112EBF387903}.Debug|x64.ActiveCfg = Debug|Any CPU
		{8F5CB0C3-7182-405E-B68D-112EBF387903}.Debug|x64.Build.0 = Debug|Any CPU
		{8F5CB0C3-7182-405E-B68D-112EBF387903}.Debug|x86.ActiveCfg = Debug|x86
		{8F5CB0C3-7182-405E-B68D-112EBF387903}.Debug|x86.Build.0 = Debug|x86
		{8F5CB0C3-7182-405E-B68D-112EBF387903}.Release|Any CPU.ActiveCfg = Release|Any CPU
		{8F5CB0C3-7182-405E-B68D-112EBF387903}.Release|Any CPU.Build.0 = Release|Any CPU
		{8F5CB0C3-7182-405E-B68D-112EBF387903}.Release|x64.ActiveCfg = Release|Any CPU
		{8F5CB0C3-7182-405E-B68D-112EBF387903}.Release|x64.Build.0 = Release|Any CPU
		{8F5CB0C3-7182-405E-B68D-112EBF387903}.Release|x86.ActiveCfg = Release|x86
		{8F5CB0C3-7182-405E-B68D-112EBF387903}.Release|x86.Build.0 = Release|x86
		{692C4C04-0713-47D9-BEBB-F4DD384E690A}.Debug|Any CPU.ActiveCfg = Debug|Any CPU
		{692C4C04-0713-47D9-BEBB-F4DD384E690A}.Debug|Any CPU.Build.0 = Debug|Any CPU
		{692C4C04-0713-47D9-BEBB-F4DD384E690A}.Debug|x64.ActiveCfg = Debug|Any CPU
		{692C4C04-0713-47D9-BEBB-F4DD384E690A}.Debug|x64.Build.0 = Debug|Any CPU
		{692C4C04-0713-47D9-BEBB-F4DD384E690A}.Debug|x86.ActiveCfg = Debug|x86
		{692C4C04-0713-47D9-BEBB-F4DD384E690A}.Debug|x86.Build.0 = Debug|x86
		{692C4C04-0713-47D9-BEBB-F4DD384E690A}.Release|Any CPU.ActiveCfg = Release|Any CPU
		{692C4C04-0713-47D9-BEBB-F4DD384E690A}.Release|Any CPU.Build.0 = Release|Any CPU
		{692C4C04-0713-47D9-BEBB-F4DD384E690A}.Release|x64.ActiveCfg = Release|Any CPU
		{692C4C04-0713-47D9-BEBB-F4DD384E690A}.Release|x64.Build.0 = Release|Any CPU
		{692C4C04-0713-47D9-BEBB-F4DD384E690A}.Release|x86.ActiveCfg = Release|x86
		{692C4C04-0713-47D9-BEBB-F4DD384E690A}.Release|x86.Build.0 = Release|x86
		{8A2F794E-FD0C-43FC-AC5C-D5B69958E9E7}.Debug|Any CPU.ActiveCfg = Debug|Any CPU
		{8A2F794E-FD0C-43FC-AC5C-D5B69958E9E7}.Debug|Any CPU.Build.0 = Debug|Any CPU
		{8A2F794E-FD0C-43FC-AC5C-D5B69958E9E7}.Debug|x64.ActiveCfg = Debug|Any CPU
		{8A2F794E-FD0C-43FC-AC5C-D5B69958E9E7}.Debug|x64.Build.0 = Debug|Any CPU
		{8A2F794E-FD0C-43FC-AC5C-D5B69958E9E7}.Debug|x86.ActiveCfg = Debug|x86
		{8A2F794E-FD0C-43FC-AC5C-D5B69958E9E7}.Debug|x86.Build.0 = Debug|x86
		{8A2F794E-FD0C-43FC-AC5C-D5B69958E9E7}.Release|Any CPU.ActiveCfg = Release|Any CPU
		{8A2F794E-FD0C-43FC-AC5C-D5B69958E9E7}.Release|Any CPU.Build.0 = Release|Any CPU
		{8A2F794E-FD0C-43FC-AC5C-D5B69958E9E7}.Release|x64.ActiveCfg = Release|Any CPU
		{8A2F794E-FD0C-43FC-AC5C-D5B69958E9E7}.Release|x64.Build.0 = Release|Any CPU
		{8A2F794E-FD0C-43FC-AC5C-D5B69958E9E7}.Release|x86.ActiveCfg = Release|x86
		{8A2F794E-FD0C-43FC-AC5C-D5B69958E9E7}.Release|x86.Build.0 = Release|x86
		{19B3E1AE-3E3E-4CE7-AB64-6CB31152B229}.Debug|Any CPU.ActiveCfg = Debug|Any CPU
		{19B3E1AE-3E3E-4CE7-AB64-6CB31152B229}.Debug|Any CPU.Build.0 = Debug|Any CPU
		{19B3E1AE-3E3E-4CE7-AB64-6CB31152B229}.Debug|Any CPU.Deploy.0 = Debug|Any CPU
		{19B3E1AE-3E3E-4CE7-AB64-6CB31152B229}.Debug|x64.ActiveCfg = Debug|Any CPU
		{19B3E1AE-3E3E-4CE7-AB64-6CB31152B229}.Debug|x64.Build.0 = Debug|Any CPU
		{19B3E1AE-3E3E-4CE7-AB64-6CB31152B229}.Debug|x64.Deploy.0 = Debug|Any CPU
		{19B3E1AE-3E3E-4CE7-AB64-6CB31152B229}.Debug|x86.ActiveCfg = Debug|x86
		{19B3E1AE-3E3E-4CE7-AB64-6CB31152B229}.Debug|x86.Build.0 = Debug|x86
		{19B3E1AE-3E3E-4CE7-AB64-6CB31152B229}.Debug|x86.Deploy.0 = Debug|x86
		{19B3E1AE-3E3E-4CE7-AB64-6CB31152B229}.Release|Any CPU.ActiveCfg = Release|Any CPU
		{19B3E1AE-3E3E-4CE7-AB64-6CB31152B229}.Release|Any CPU.Build.0 = Release|Any CPU
		{19B3E1AE-3E3E-4CE7-AB64-6CB31152B229}.Release|Any CPU.Deploy.0 = Release|Any CPU
		{19B3E1AE-3E3E-4CE7-AB64-6CB31152B229}.Release|x64.ActiveCfg = Release|Any CPU
		{19B3E1AE-3E3E-4CE7-AB64-6CB31152B229}.Release|x64.Build.0 = Release|Any CPU
		{19B3E1AE-3E3E-4CE7-AB64-6CB31152B229}.Release|x64.Deploy.0 = Release|Any CPU
		{19B3E1AE-3E3E-4CE7-AB64-6CB31152B229}.Release|x86.ActiveCfg = Release|x86
		{19B3E1AE-3E3E-4CE7-AB64-6CB31152B229}.Release|x86.Build.0 = Release|x86
		{19B3E1AE-3E3E-4CE7-AB64-6CB31152B229}.Release|x86.Deploy.0 = Release|x86
		{603504EF-B868-418E-A172-BD4396D75CBB}.Debug|Any CPU.ActiveCfg = Debug|Any CPU
		{603504EF-B868-418E-A172-BD4396D75CBB}.Debug|Any CPU.Build.0 = Debug|Any CPU
		{603504EF-B868-418E-A172-BD4396D75CBB}.Debug|x64.ActiveCfg = Debug|Any CPU
		{603504EF-B868-418E-A172-BD4396D75CBB}.Debug|x64.Build.0 = Debug|Any CPU
		{603504EF-B868-418E-A172-BD4396D75CBB}.Debug|x86.ActiveCfg = Debug|x86
		{603504EF-B868-418E-A172-BD4396D75CBB}.Debug|x86.Build.0 = Debug|x86
		{603504EF-B868-418E-A172-BD4396D75CBB}.Release|Any CPU.ActiveCfg = Release|Any CPU
		{603504EF-B868-418E-A172-BD4396D75CBB}.Release|Any CPU.Build.0 = Release|Any CPU
		{603504EF-B868-418E-A172-BD4396D75CBB}.Release|x64.ActiveCfg = Release|Any CPU
		{603504EF-B868-418E-A172-BD4396D75CBB}.Release|x64.Build.0 = Release|Any CPU
		{603504EF-B868-418E-A172-BD4396D75CBB}.Release|x86.ActiveCfg = Release|x86
		{603504EF-B868-418E-A172-BD4396D75CBB}.Release|x86.Build.0 = Release|x86
		{DDB827E0-D4EE-4A56-A513-445208AC2097}.Debug|Any CPU.ActiveCfg = Debug|Any CPU
		{DDB827E0-D4EE-4A56-A513-445208AC2097}.Debug|Any CPU.Build.0 = Debug|Any CPU
		{DDB827E0-D4EE-4A56-A513-445208AC2097}.Debug|x64.ActiveCfg = Debug|Any CPU
		{DDB827E0-D4EE-4A56-A513-445208AC2097}.Debug|x64.Build.0 = Debug|Any CPU
		{DDB827E0-D4EE-4A56-A513-445208AC2097}.Debug|x86.ActiveCfg = Debug|x86
		{DDB827E0-D4EE-4A56-A513-445208AC2097}.Debug|x86.Build.0 = Debug|x86
		{DDB827E0-D4EE-4A56-A513-445208AC2097}.Release|Any CPU.ActiveCfg = Release|Any CPU
		{DDB827E0-D4EE-4A56-A513-445208AC2097}.Release|Any CPU.Build.0 = Release|Any CPU
		{DDB827E0-D4EE-4A56-A513-445208AC2097}.Release|x64.ActiveCfg = Release|Any CPU
		{DDB827E0-D4EE-4A56-A513-445208AC2097}.Release|x64.Build.0 = Release|Any CPU
		{DDB827E0-D4EE-4A56-A513-445208AC2097}.Release|x86.ActiveCfg = Release|x86
		{DDB827E0-D4EE-4A56-A513-445208AC2097}.Release|x86.Build.0 = Release|x86
		{6E6604C5-A0E2-46C4-B9A3-7386C85A64C6}.Debug|Any CPU.ActiveCfg = Debug|Any CPU
		{6E6604C5-A0E2-46C4-B9A3-7386C85A64C6}.Debug|Any CPU.Build.0 = Debug|Any CPU
		{6E6604C5-A0E2-46C4-B9A3-7386C85A64C6}.Debug|x64.ActiveCfg = Debug|x64
		{6E6604C5-A0E2-46C4-B9A3-7386C85A64C6}.Debug|x64.Build.0 = Debug|x64
		{6E6604C5-A0E2-46C4-B9A3-7386C85A64C6}.Debug|x86.ActiveCfg = Debug|x86
		{6E6604C5-A0E2-46C4-B9A3-7386C85A64C6}.Debug|x86.Build.0 = Debug|x86
		{6E6604C5-A0E2-46C4-B9A3-7386C85A64C6}.Release|Any CPU.ActiveCfg = Release|Any CPU
		{6E6604C5-A0E2-46C4-B9A3-7386C85A64C6}.Release|Any CPU.Build.0 = Release|Any CPU
		{6E6604C5-A0E2-46C4-B9A3-7386C85A64C6}.Release|x64.ActiveCfg = Release|x64
		{6E6604C5-A0E2-46C4-B9A3-7386C85A64C6}.Release|x64.Build.0 = Release|x64
		{6E6604C5-A0E2-46C4-B9A3-7386C85A64C6}.Release|x86.ActiveCfg = Release|x86
		{6E6604C5-A0E2-46C4-B9A3-7386C85A64C6}.Release|x86.Build.0 = Release|x86
		{DD23DC49-FEC4-4320-8312-42F3D5921936}.Debug|Any CPU.ActiveCfg = Debug|Any CPU
		{DD23DC49-FEC4-4320-8312-42F3D5921936}.Debug|Any CPU.Build.0 = Debug|Any CPU
		{DD23DC49-FEC4-4320-8312-42F3D5921936}.Debug|x64.ActiveCfg = Debug|Any CPU
		{DD23DC49-FEC4-4320-8312-42F3D5921936}.Debug|x64.Build.0 = Debug|Any CPU
		{DD23DC49-FEC4-4320-8312-42F3D5921936}.Debug|x86.ActiveCfg = Debug|Any CPU
		{DD23DC49-FEC4-4320-8312-42F3D5921936}.Debug|x86.Build.0 = Debug|Any CPU
		{DD23DC49-FEC4-4320-8312-42F3D5921936}.Release|Any CPU.ActiveCfg = Release|Any CPU
		{DD23DC49-FEC4-4320-8312-42F3D5921936}.Release|Any CPU.Build.0 = Release|Any CPU
		{DD23DC49-FEC4-4320-8312-42F3D5921936}.Release|x64.ActiveCfg = Release|Any CPU
		{DD23DC49-FEC4-4320-8312-42F3D5921936}.Release|x64.Build.0 = Release|Any CPU
		{DD23DC49-FEC4-4320-8312-42F3D5921936}.Release|x86.ActiveCfg = Release|Any CPU
		{DD23DC49-FEC4-4320-8312-42F3D5921936}.Release|x86.Build.0 = Release|Any CPU
		{B06F5E0B-657A-4BCA-B040-7E0DA4CD93D6}.Debug|Any CPU.ActiveCfg = Debug|Any CPU
		{B06F5E0B-657A-4BCA-B040-7E0DA4CD93D6}.Debug|Any CPU.Build.0 = Debug|Any CPU
		{B06F5E0B-657A-4BCA-B040-7E0DA4CD93D6}.Debug|x64.ActiveCfg = Debug|Any CPU
		{B06F5E0B-657A-4BCA-B040-7E0DA4CD93D6}.Debug|x64.Build.0 = Debug|Any CPU
		{B06F5E0B-657A-4BCA-B040-7E0DA4CD93D6}.Debug|x86.ActiveCfg = Debug|Any CPU
		{B06F5E0B-657A-4BCA-B040-7E0DA4CD93D6}.Debug|x86.Build.0 = Debug|Any CPU
		{B06F5E0B-657A-4BCA-B040-7E0DA4CD93D6}.Release|Any CPU.ActiveCfg = Release|Any CPU
		{B06F5E0B-657A-4BCA-B040-7E0DA4CD93D6}.Release|Any CPU.Build.0 = Release|Any CPU
		{B06F5E0B-657A-4BCA-B040-7E0DA4CD93D6}.Release|x64.ActiveCfg = Release|Any CPU
		{B06F5E0B-657A-4BCA-B040-7E0DA4CD93D6}.Release|x64.Build.0 = Release|Any CPU
		{B06F5E0B-657A-4BCA-B040-7E0DA4CD93D6}.Release|x86.ActiveCfg = Release|Any CPU
		{B06F5E0B-657A-4BCA-B040-7E0DA4CD93D6}.Release|x86.Build.0 = Release|Any CPU
		{D3E222E2-4AB9-4E9D-8D77-742FE989D11D}.Debug|Any CPU.ActiveCfg = Debug|Any CPU
		{D3E222E2-4AB9-4E9D-8D77-742FE989D11D}.Debug|Any CPU.Build.0 = Debug|Any CPU
		{D3E222E2-4AB9-4E9D-8D77-742FE989D11D}.Debug|x64.ActiveCfg = Debug|Any CPU
		{D3E222E2-4AB9-4E9D-8D77-742FE989D11D}.Debug|x64.Build.0 = Debug|Any CPU
		{D3E222E2-4AB9-4E9D-8D77-742FE989D11D}.Debug|x86.ActiveCfg = Debug|Any CPU
		{D3E222E2-4AB9-4E9D-8D77-742FE989D11D}.Debug|x86.Build.0 = Debug|Any CPU
		{D3E222E2-4AB9-4E9D-8D77-742FE989D11D}.Release|Any CPU.ActiveCfg = Release|Any CPU
		{D3E222E2-4AB9-4E9D-8D77-742FE989D11D}.Release|Any CPU.Build.0 = Release|Any CPU
		{D3E222E2-4AB9-4E9D-8D77-742FE989D11D}.Release|x64.ActiveCfg = Release|Any CPU
		{D3E222E2-4AB9-4E9D-8D77-742FE989D11D}.Release|x64.Build.0 = Release|Any CPU
		{D3E222E2-4AB9-4E9D-8D77-742FE989D11D}.Release|x86.ActiveCfg = Release|Any CPU
		{D3E222E2-4AB9-4E9D-8D77-742FE989D11D}.Release|x86.Build.0 = Release|Any CPU
		{762652F9-778F-446C-88AB-E464D555593E}.Debug|Any CPU.ActiveCfg = Debug|Any CPU
		{762652F9-778F-446C-88AB-E464D555593E}.Debug|Any CPU.Build.0 = Debug|Any CPU
		{762652F9-778F-446C-88AB-E464D555593E}.Debug|x64.ActiveCfg = Debug|Any CPU
		{762652F9-778F-446C-88AB-E464D555593E}.Debug|x64.Build.0 = Debug|Any CPU
		{762652F9-778F-446C-88AB-E464D555593E}.Debug|x86.ActiveCfg = Debug|Any CPU
		{762652F9-778F-446C-88AB-E464D555593E}.Debug|x86.Build.0 = Debug|Any CPU
		{762652F9-778F-446C-88AB-E464D555593E}.Release|Any CPU.ActiveCfg = Release|Any CPU
		{762652F9-778F-446C-88AB-E464D555593E}.Release|Any CPU.Build.0 = Release|Any CPU
		{762652F9-778F-446C-88AB-E464D555593E}.Release|x64.ActiveCfg = Release|Any CPU
		{762652F9-778F-446C-88AB-E464D555593E}.Release|x64.Build.0 = Release|Any CPU
		{762652F9-778F-446C-88AB-E464D555593E}.Release|x86.ActiveCfg = Release|Any CPU
		{762652F9-778F-446C-88AB-E464D555593E}.Release|x86.Build.0 = Release|Any CPU
	EndGlobalSection
	GlobalSection(SolutionProperties) = preSolution
		HideSolutionNode = FALSE
	EndGlobalSection
	GlobalSection(NestedProjects) = preSolution
		{8A2F794E-FD0C-43FC-AC5C-D5B69958E9E7} = {AF5E1C12-D570-4CA8-B28A-167CF86C0174}
		{19B3E1AE-3E3E-4CE7-AB64-6CB31152B229} = {AF5E1C12-D570-4CA8-B28A-167CF86C0174}
		{603504EF-B868-418E-A172-BD4396D75CBB} = {AF5E1C12-D570-4CA8-B28A-167CF86C0174}
		{DDB827E0-D4EE-4A56-A513-445208AC2097} = {09694A76-3652-4599-946A-A145EE2C3636}
		{6E6604C5-A0E2-46C4-B9A3-7386C85A64C6} = {4050AE0C-69A7-4424-9D69-6C7538451BFF}
		{DD23DC49-FEC4-4320-8312-42F3D5921936} = {4050AE0C-69A7-4424-9D69-6C7538451BFF}
		{B06F5E0B-657A-4BCA-B040-7E0DA4CD93D6} = {4050AE0C-69A7-4424-9D69-6C7538451BFF}
		{D3E222E2-4AB9-4E9D-8D77-742FE989D11D} = {4050AE0C-69A7-4424-9D69-6C7538451BFF}
		{762652F9-778F-446C-88AB-E464D555593E} = {4050AE0C-69A7-4424-9D69-6C7538451BFF}
	EndGlobalSection
EndGlobal
